// !$*UTF8*$!
{
	archiveVersion = 1;
	classes = {
	};
	objectVersion = 52;
	objects = {

/* Begin PBXBuildFile section */
		636F0F4B264514BD0075D654 /* Assets.xcassets in Resources */ = {isa = PBXBuildFile; fileRef = 636F0F4A264514BC0075D654 /* Assets.xcassets */; };
		639EE065264914D50035CF82 /* Starships.swift in Sources */ = {isa = PBXBuildFile; fileRef = 639EE064264914D50035CF82 /* Starships.swift */; };
		639EE06B264951CC0035CF82 /* StarshipsView.xib in Resources */ = {isa = PBXBuildFile; fileRef = 639EE06A264951CC0035CF82 /* StarshipsView.xib */; };
		639EE06D2649527E0035CF82 /* HomeView.xib in Resources */ = {isa = PBXBuildFile; fileRef = 639EE06C2649527E0035CF82 /* HomeView.xib */; };
		63A73A1A2643CD8D00DE97F7 /* AppDelegate.swift in Sources */ = {isa = PBXBuildFile; fileRef = 63A73A192643CD8D00DE97F7 /* AppDelegate.swift */; };
		63A73A1C2643CD8D00DE97F7 /* SceneDelegate.swift in Sources */ = {isa = PBXBuildFile; fileRef = 63A73A1B2643CD8D00DE97F7 /* SceneDelegate.swift */; };
		63A73A1E2643CD8D00DE97F7 /* HomeViewController.swift in Sources */ = {isa = PBXBuildFile; fileRef = 63A73A1D2643CD8D00DE97F7 /* HomeViewController.swift */; };
		63A73A262643CD8F00DE97F7 /* LaunchScreen.storyboard in Resources */ = {isa = PBXBuildFile; fileRef = 63A73A242643CD8F00DE97F7 /* LaunchScreen.storyboard */; };
		63A73A2F2643CE4700DE97F7 /* NetworkingProvider.swift in Sources */ = {isa = PBXBuildFile; fileRef = 63A73A2E2643CE4700DE97F7 /* NetworkingProvider.swift */; };
		63A73A322643CE9700DE97F7 /* Alamofire in Frameworks */ = {isa = PBXBuildFile; productRef = 63A73A312643CE9700DE97F7 /* Alamofire */; };
		63A73A352643CFF500DE97F7 /* User.swift in Sources */ = {isa = PBXBuildFile; fileRef = 63A73A342643CFF500DE97F7 /* User.swift */; };
		63A73A3826440C3100DE97F7 /* DateDecoder.swift in Sources */ = {isa = PBXBuildFile; fileRef = 63A73A3726440C3100DE97F7 /* DateDecoder.swift */; };
		63A73A3C26442C2B00DE97F7 /* StarshipsViewController.swift in Sources */ = {isa = PBXBuildFile; fileRef = 63A73A3A26442C2B00DE97F7 /* StarshipsViewController.swift */; };
		63A73A3F264435E700DE97F7 /* Starship.swift in Sources */ = {isa = PBXBuildFile; fileRef = 63A73A3E264435E700DE97F7 /* Starship.swift */; };
/* End PBXBuildFile section */

/* Begin PBXFileReference section */
		636F0F4A264514BC0075D654 /* Assets.xcassets */ = {isa = PBXFileReference; lastKnownFileType = folder.assetcatalog; path = Assets.xcassets; sourceTree = "<group>"; };
		639EE064264914D50035CF82 /* Starships.swift */ = {isa = PBXFileReference; lastKnownFileType = sourcecode.swift; path = Starships.swift; sourceTree = "<group>"; };
		639EE06A264951CC0035CF82 /* StarshipsView.xib */ = {isa = PBXFileReference; lastKnownFileType = file.xib; path = StarshipsView.xib; sourceTree = "<group>"; };
		639EE06C2649527E0035CF82 /* HomeView.xib */ = {isa = PBXFileReference; lastKnownFileType = file.xib; path = HomeView.xib; sourceTree = "<group>"; };
		63A73A162643CD8D00DE97F7 /* StarWarsApp.app */ = {isa = PBXFileReference; explicitFileType = wrapper.application; includeInIndex = 0; path = StarWarsApp.app; sourceTree = BUILT_PRODUCTS_DIR; };
		63A73A192643CD8D00DE97F7 /* AppDelegate.swift */ = {isa = PBXFileReference; lastKnownFileType = sourcecode.swift; path = AppDelegate.swift; sourceTree = "<group>"; };
		63A73A1B2643CD8D00DE97F7 /* SceneDelegate.swift */ = {isa = PBXFileReference; lastKnownFileType = sourcecode.swift; path = SceneDelegate.swift; sourceTree = "<group>"; };
		63A73A1D2643CD8D00DE97F7 /* HomeViewController.swift */ = {isa = PBXFileReference; lastKnownFileType = sourcecode.swift; path = HomeViewController.swift; sourceTree = "<group>"; };
		63A73A252643CD8F00DE97F7 /* Base */ = {isa = PBXFileReference; lastKnownFileType = file.storyboard; name = Base; path = Base.lproj/LaunchScreen.storyboard; sourceTree = "<group>"; };
		63A73A272643CD8F00DE97F7 /* Info.plist */ = {isa = PBXFileReference; lastKnownFileType = text.plist.xml; path = Info.plist; sourceTree = "<group>"; };
		63A73A2E2643CE4700DE97F7 /* NetworkingProvider.swift */ = {isa = PBXFileReference; lastKnownFileType = sourcecode.swift; path = NetworkingProvider.swift; sourceTree = "<group>"; };
		63A73A342643CFF500DE97F7 /* User.swift */ = {isa = PBXFileReference; lastKnownFileType = sourcecode.swift; path = User.swift; sourceTree = "<group>"; };
		63A73A3726440C3100DE97F7 /* DateDecoder.swift */ = {isa = PBXFileReference; lastKnownFileType = sourcecode.swift; path = DateDecoder.swift; sourceTree = "<group>"; };
		63A73A3A26442C2B00DE97F7 /* StarshipsViewController.swift */ = {isa = PBXFileReference; lastKnownFileType = sourcecode.swift; path = StarshipsViewController.swift; sourceTree = "<group>"; };
		63A73A3E264435E700DE97F7 /* Starship.swift */ = {isa = PBXFileReference; lastKnownFileType = sourcecode.swift; path = Starship.swift; sourceTree = "<group>"; };
/* End PBXFileReference section */

/* Begin PBXFrameworksBuildPhase section */
		63A73A132643CD8D00DE97F7 /* Frameworks */ = {
			isa = PBXFrameworksBuildPhase;
			buildActionMask = 2147483647;
			files = (
				63A73A322643CE9700DE97F7 /* Alamofire in Frameworks */,
			);
			runOnlyForDeploymentPostprocessing = 0;
		};
/* End PBXFrameworksBuildPhase section */

/* Begin PBXGroup section */
		636F0F4C26454DF80075D654 /* Model */ = {
			isa = PBXGroup;
			children = (
				63A73A342643CFF500DE97F7 /* User.swift */,
				63A73A3E264435E700DE97F7 /* Starship.swift */,
			);
			path = Model;
			sourceTree = "<group>";
		};
		639EE06E264975520035CF82 /* Controllers */ = {
			isa = PBXGroup;
			children = (
				63A73A3A26442C2B00DE97F7 /* StarshipsViewController.swift */,
				63A73A1D2643CD8D00DE97F7 /* HomeViewController.swift */,
			);
			path = Controllers;
			sourceTree = "<group>";
		};
		63A73A0D2643CD8D00DE97F7 = {
			isa = PBXGroup;
			children = (
				63A73A182643CD8D00DE97F7 /* StarWarsApp */,
				63A73A172643CD8D00DE97F7 /* Products */,
			);
			sourceTree = "<group>";
		};
		63A73A172643CD8D00DE97F7 /* Products */ = {
			isa = PBXGroup;
			children = (
				63A73A162643CD8D00DE97F7 /* StarWarsApp.app */,
			);
			name = Products;
			sourceTree = "<group>";
		};
		63A73A182643CD8D00DE97F7 /* StarWarsApp */ = {
			isa = PBXGroup;
			children = (
				63A73A192643CD8D00DE97F7 /* AppDelegate.swift */,
				63A73A1B2643CD8D00DE97F7 /* SceneDelegate.swift */,
				63A73A3926442BEF00DE97F7 /* Views */,
				639EE06E264975520035CF82 /* Controllers */,
				63A73A2D2643CE1100DE97F7 /* Network */,
				63A73A272643CD8F00DE97F7 /* Info.plist */,
				636F0F4A264514BC0075D654 /* Assets.xcassets */,
			);
			path = StarWarsApp;
			sourceTree = "<group>";
		};
		63A73A2D2643CE1100DE97F7 /* Network */ = {
			isa = PBXGroup;
			children = (
				63A73A332643CFE700DE97F7 /* Data */,
				63A73A2E2643CE4700DE97F7 /* NetworkingProvider.swift */,
				639EE064264914D50035CF82 /* Starships.swift */,
			);
			path = Network;
			sourceTree = "<group>";
		};
		63A73A332643CFE700DE97F7 /* Data */ = {
			isa = PBXGroup;
			children = (
				636F0F4C26454DF80075D654 /* Model */,
				63A73A3626440C1A00DE97F7 /* Decoder */,
			);
			path = Data;
			sourceTree = "<group>";
		};
		63A73A3626440C1A00DE97F7 /* Decoder */ = {
			isa = PBXGroup;
			children = (
				63A73A3726440C3100DE97F7 /* DateDecoder.swift */,
			);
			path = Decoder;
			sourceTree = "<group>";
		};
		63A73A3926442BEF00DE97F7 /* Views */ = {
			isa = PBXGroup;
			children = (
				63A73A242643CD8F00DE97F7 /* LaunchScreen.storyboard */,
				639EE06C2649527E0035CF82 /* HomeView.xib */,
				639EE06A264951CC0035CF82 /* StarshipsView.xib */,
			);
			path = Views;
			sourceTree = "<group>";
		};
/* End PBXGroup section */

/* Begin PBXNativeTarget section */
		63A73A152643CD8D00DE97F7 /* StarWarsApp */ = {
			isa = PBXNativeTarget;
			buildConfigurationList = 63A73A2A2643CD8F00DE97F7 /* Build configuration list for PBXNativeTarget "StarWarsApp" */;
			buildPhases = (
				63A73A122643CD8D00DE97F7 /* Sources */,
				63A73A132643CD8D00DE97F7 /* Frameworks */,
				63A73A142643CD8D00DE97F7 /* Resources */,
			);
			buildRules = (
			);
			dependencies = (
			);
			name = StarWarsApp;
			packageProductDependencies = (
				63A73A312643CE9700DE97F7 /* Alamofire */,
			);
			productName = StarWarsApp;
			productReference = 63A73A162643CD8D00DE97F7 /* StarWarsApp.app */;
			productType = "com.apple.product-type.application";
		};
/* End PBXNativeTarget section */

/* Begin PBXProject section */
		63A73A0E2643CD8D00DE97F7 /* Project object */ = {
			isa = PBXProject;
			attributes = {
				LastSwiftUpdateCheck = 1250;
				LastUpgradeCheck = 1250;
				TargetAttributes = {
					63A73A152643CD8D00DE97F7 = {
						CreatedOnToolsVersion = 12.5;
					};
				};
			};
			buildConfigurationList = 63A73A112643CD8D00DE97F7 /* Build configuration list for PBXProject "StarWarsApp" */;
			compatibilityVersion = "Xcode 9.3";
			developmentRegion = en;
			hasScannedForEncodings = 0;
			knownRegions = (
				en,
				Base,
			);
			mainGroup = 63A73A0D2643CD8D00DE97F7;
			packageReferences = (
				63A73A302643CE9700DE97F7 /* XCRemoteSwiftPackageReference "Alamofire" */,
			);
			productRefGroup = 63A73A172643CD8D00DE97F7 /* Products */;
			projectDirPath = "";
			projectRoot = "";
			targets = (
				63A73A152643CD8D00DE97F7 /* StarWarsApp */,
			);
		};
/* End PBXProject section */

/* Begin PBXResourcesBuildPhase section */
		63A73A142643CD8D00DE97F7 /* Resources */ = {
			isa = PBXResourcesBuildPhase;
			buildActionMask = 2147483647;
			files = (
				63A73A262643CD8F00DE97F7 /* LaunchScreen.storyboard in Resources */,
				636F0F4B264514BD0075D654 /* Assets.xcassets in Resources */,
				639EE06B264951CC0035CF82 /* StarshipsView.xib in Resources */,
				639EE06D2649527E0035CF82 /* HomeView.xib in Resources */,
			);
			runOnlyForDeploymentPostprocessing = 0;
		};
/* End PBXResourcesBuildPhase section */

/* Begin PBXSourcesBuildPhase section */
		63A73A122643CD8D00DE97F7 /* Sources */ = {
			isa = PBXSourcesBuildPhase;
			buildActionMask = 2147483647;
			files = (
				63A73A3C26442C2B00DE97F7 /* StarshipsViewController.swift in Sources */,
				63A73A1E2643CD8D00DE97F7 /* HomeViewController.swift in Sources */,
				63A73A1A2643CD8D00DE97F7 /* AppDelegate.swift in Sources */,
				63A73A2F2643CE4700DE97F7 /* NetworkingProvider.swift in Sources */,
				63A73A352643CFF500DE97F7 /* User.swift in Sources */,
				639EE065264914D50035CF82 /* Starships.swift in Sources */,
				63A73A3826440C3100DE97F7 /* DateDecoder.swift in Sources */,
				63A73A1C2643CD8D00DE97F7 /* SceneDelegate.swift in Sources */,
				63A73A3F264435E700DE97F7 /* Starship.swift in Sources */,
			);
			runOnlyForDeploymentPostprocessing = 0;
		};
/* End PBXSourcesBuildPhase section */

/* Begin PBXVariantGroup section */
		63A73A242643CD8F00DE97F7 /* LaunchScreen.storyboard */ = {
			isa = PBXVariantGroup;
			children = (
				63A73A252643CD8F00DE97F7 /* Base */,
			);
			name = LaunchScreen.storyboard;
			sourceTree = "<group>";
		};
/* End PBXVariantGroup section */

/* Begin XCBuildConfiguration section */
		63A73A282643CD8F00DE97F7 /* Debug */ = {
			isa = XCBuildConfiguration;
			buildSettings = {
				ALWAYS_SEARCH_USER_PATHS = NO;
				CLANG_ANALYZER_NONNULL = YES;
				CLANG_ANALYZER_NUMBER_OBJECT_CONVERSION = YES_AGGRESSIVE;
				CLANG_CXX_LANGUAGE_STANDARD = "gnu++14";
				CLANG_CXX_LIBRARY = "libc++";
				CLANG_ENABLE_MODULES = YES;
				CLANG_ENABLE_OBJC_ARC = YES;
				CLANG_ENABLE_OBJC_WEAK = YES;
				CLANG_WARN_BLOCK_CAPTURE_AUTORELEASING = YES;
				CLANG_WARN_BOOL_CONVERSION = YES;
				CLANG_WARN_COMMA = YES;
				CLANG_WARN_CONSTANT_CONVERSION = YES;
				CLANG_WARN_DEPRECATED_OBJC_IMPLEMENTATIONS = YES;
				CLANG_WARN_DIRECT_OBJC_ISA_USAGE = YES_ERROR;
				CLANG_WARN_DOCUMENTATION_COMMENTS = YES;
				CLANG_WARN_EMPTY_BODY = YES;
				CLANG_WARN_ENUM_CONVERSION = YES;
				CLANG_WARN_INFINITE_RECURSION = YES;
				CLANG_WARN_INT_CONVERSION = YES;
				CLANG_WARN_NON_LITERAL_NULL_CONVERSION = YES;
				CLANG_WARN_OBJC_IMPLICIT_RETAIN_SELF = YES;
				CLANG_WARN_OBJC_LITERAL_CONVERSION = YES;
				CLANG_WARN_OBJC_ROOT_CLASS = YES_ERROR;
				CLANG_WARN_QUOTED_INCLUDE_IN_FRAMEWORK_HEADER = YES;
				CLANG_WARN_RANGE_LOOP_ANALYSIS = YES;
				CLANG_WARN_STRICT_PROTOTYPES = YES;
				CLANG_WARN_SUSPICIOUS_MOVE = YES;
				CLANG_WARN_UNGUARDED_AVAILABILITY = YES_AGGRESSIVE;
				CLANG_WARN_UNREACHABLE_CODE = YES;
				CLANG_WARN__DUPLICATE_METHOD_MATCH = YES;
				COPY_PHASE_STRIP = NO;
				DEBUG_INFORMATION_FORMAT = dwarf;
				ENABLE_STRICT_OBJC_MSGSEND = YES;
				ENABLE_TESTABILITY = YES;
				GCC_C_LANGUAGE_STANDARD = gnu11;
				GCC_DYNAMIC_NO_PIC = NO;
				GCC_NO_COMMON_BLOCKS = YES;
				GCC_OPTIMIZATION_LEVEL = 0;
				GCC_PREPROCESSOR_DEFINITIONS = (
					"DEBUG=1",
					"$(inherited)",
				);
				GCC_WARN_64_TO_32_BIT_CONVERSION = YES;
				GCC_WARN_ABOUT_RETURN_TYPE = YES_ERROR;
				GCC_WARN_UNDECLARED_SELECTOR = YES;
				GCC_WARN_UNINITIALIZED_AUTOS = YES_AGGRESSIVE;
				GCC_WARN_UNUSED_FUNCTION = YES;
				GCC_WARN_UNUSED_VARIABLE = YES;
				IPHONEOS_DEPLOYMENT_TARGET = 14.5;
				MTL_ENABLE_DEBUG_INFO = INCLUDE_SOURCE;
				MTL_FAST_MATH = YES;
				ONLY_ACTIVE_ARCH = YES;
				SDKROOT = iphoneos;
				SWIFT_ACTIVE_COMPILATION_CONDITIONS = DEBUG;
				SWIFT_OPTIMIZATION_LEVEL = "-Onone";
			};
			name = Debug;
		};
		63A73A292643CD8F00DE97F7 /* Release */ = {
			isa = XCBuildConfiguration;
			buildSettings = {
				ALWAYS_SEARCH_USER_PATHS = NO;
				CLANG_ANALYZER_NONNULL = YES;
				CLANG_ANALYZER_NUMBER_OBJECT_CONVERSION = YES_AGGRESSIVE;
				CLANG_CXX_LANGUAGE_STANDARD = "gnu++14";
				CLANG_CXX_LIBRARY = "libc++";
				CLANG_ENABLE_MODULES = YES;
				CLANG_ENABLE_OBJC_ARC = YES;
				CLANG_ENABLE_OBJC_WEAK = YES;
				CLANG_WARN_BLOCK_CAPTURE_AUTORELEASING = YES;
				CLANG_WARN_BOOL_CONVERSION = YES;
				CLANG_WARN_COMMA = YES;
				CLANG_WARN_CONSTANT_CONVERSION = YES;
				CLANG_WARN_DEPRECATED_OBJC_IMPLEMENTATIONS = YES;
				CLANG_WARN_DIRECT_OBJC_ISA_USAGE = YES_ERROR;
				CLANG_WARN_DOCUMENTATION_COMMENTS = YES;
				CLANG_WARN_EMPTY_BODY = YES;
				CLANG_WARN_ENUM_CONVERSION = YES;
				CLANG_WARN_INFINITE_RECURSION = YES;
				CLANG_WARN_INT_CONVERSION = YES;
				CLANG_WARN_NON_LITERAL_NULL_CONVERSION = YES;
				CLANG_WARN_OBJC_IMPLICIT_RETAIN_SELF = YES;
				CLANG_WARN_OBJC_LITERAL_CONVERSION = YES;
				CLANG_WARN_OBJC_ROOT_CLASS = YES_ERROR;
				CLANG_WARN_QUOTED_INCLUDE_IN_FRAMEWORK_HEADER = YES;
				CLANG_WARN_RANGE_LOOP_ANALYSIS = YES;
				CLANG_WARN_STRICT_PROTOTYPES = YES;
				CLANG_WARN_SUSPICIOUS_MOVE = YES;
				CLANG_WARN_UNGUARDED_AVAILABILITY = YES_AGGRESSIVE;
				CLANG_WARN_UNREACHABLE_CODE = YES;
				CLANG_WARN__DUPLICATE_METHOD_MATCH = YES;
				COPY_PHASE_STRIP = NO;
				DEBUG_INFORMATION_FORMAT = "dwarf-with-dsym";
				ENABLE_NS_ASSERTIONS = NO;
				ENABLE_STRICT_OBJC_MSGSEND = YES;
				GCC_C_LANGUAGE_STANDARD = gnu11;
				GCC_NO_COMMON_BLOCKS = YES;
				GCC_WARN_64_TO_32_BIT_CONVERSION = YES;
				GCC_WARN_ABOUT_RETURN_TYPE = YES_ERROR;
				GCC_WARN_UNDECLARED_SELECTOR = YES;
				GCC_WARN_UNINITIALIZED_AUTOS = YES_AGGRESSIVE;
				GCC_WARN_UNUSED_FUNCTION = YES;
				GCC_WARN_UNUSED_VARIABLE = YES;
				IPHONEOS_DEPLOYMENT_TARGET = 14.5;
				MTL_ENABLE_DEBUG_INFO = NO;
				MTL_FAST_MATH = YES;
				SDKROOT = iphoneos;
				SWIFT_COMPILATION_MODE = wholemodule;
				SWIFT_OPTIMIZATION_LEVEL = "-O";
				VALIDATE_PRODUCT = YES;
			};
			name = Release;
		};
		63A73A2B2643CD8F00DE97F7 /* Debug */ = {
			isa = XCBuildConfiguration;
			buildSettings = {
				ASSETCATALOG_COMPILER_APPICON_NAME = AppIcon;
				ASSETCATALOG_COMPILER_GLOBAL_ACCENT_COLOR_NAME = AccentColor;
				CODE_SIGN_STYLE = Automatic;
				DEVELOPMENT_TEAM = UCUNTQZJ46;
				INFOPLIST_FILE = StarWarsApp/Info.plist;
				LD_RUNPATH_SEARCH_PATHS = (
					"$(inherited)",
					"@executable_path/Frameworks",
				);
				PRODUCT_BUNDLE_IDENTIFIER = dvidg.StarWarsApp;
				PRODUCT_NAME = "$(TARGET_NAME)";
				SWIFT_VERSION = 5.0;
				TARGETED_DEVICE_FAMILY = "1,2";
			};
			name = Debug;
		};
		63A73A2C2643CD8F00DE97F7 /* Release */ = {
			isa = XCBuildConfiguration;
			buildSettings = {
				ASSETCATALOG_COMPILER_APPICON_NAME = AppIcon;
				ASSETCATALOG_COMPILER_GLOBAL_ACCENT_COLOR_NAME = AccentColor;
				CODE_SIGN_STYLE = Automatic;
				DEVELOPMENT_TEAM = UCUNTQZJ46;
				INFOPLIST_FILE = StarWarsApp/Info.plist;
				LD_RUNPATH_SEARCH_PATHS = (
					"$(inherited)",
					"@executable_path/Frameworks",
				);
				PRODUCT_BUNDLE_IDENTIFIER = dvidg.StarWarsApp;
				PRODUCT_NAME = "$(TARGET_NAME)";
				SWIFT_VERSION = 5.0;
				TARGETED_DEVICE_FAMILY = "1,2";
			};
			name = Release;
		};
/* End XCBuildConfiguration section */

/* Begin XCConfigurationList section */
		63A73A112643CD8D00DE97F7 /* Build configuration list for PBXProject "StarWarsApp" */ = {
			isa = XCConfigurationList;
			buildConfigurations = (
				63A73A282643CD8F00DE97F7 /* Debug */,
				63A73A292643CD8F00DE97F7 /* Release */,
			);
			defaultConfigurationIsVisible = 0;
			defaultConfigurationName = Release;
		};
		63A73A2A2643CD8F00DE97F7 /* Build configuration list for PBXNativeTarget "StarWarsApp" */ = {
			isa = XCConfigurationList;
			buildConfigurations = (
				63A73A2B2643CD8F00DE97F7 /* Debug */,
				63A73A2C2643CD8F00DE97F7 /* Release */,
			);
			defaultConfigurationIsVisible = 0;
			defaultConfigurationName = Release;
		};
/* End XCConfigurationList section */

/* Begin XCRemoteSwiftPackageReference section */
		63A73A302643CE9700DE97F7 /* XCRemoteSwiftPackageReference "Alamofire" */ = {
			isa = XCRemoteSwiftPackageReference;
			repositoryURL = "https://github.com/Alamofire/Alamofire.git";
			requirement = {
				kind = upToNextMajorVersion;
				minimumVersion = 5.4.3;
			};
		};
/* End XCRemoteSwiftPackageReference section */

/* Begin XCSwiftPackageProductDependency section */
		63A73A312643CE9700DE97F7 /* Alamofire */ = {
			isa = XCSwiftPackageProductDependency;
			package = 63A73A302643CE9700DE97F7 /* XCRemoteSwiftPackageReference "Alamofire" */;
			productName = Alamofire;
		};
/* End XCSwiftPackageProductDependency section */
	};
	rootObject = 63A73A0E2643CD8D00DE97F7 /* Project object */;
}
